github.com/BurntSushi/toml v0.3.1/go.mod h1:xHWCNGjB5oqiDr8zfno3MHue2Ht5sIBksp03qcyfWMU=
github.com/ProtonMail/go-crypto v1.1.0-alpha.5.0.20240912135802-28c613e7c719 h1:QrACwKp28OcuYL2ifph1d03O/kWXEFDEyZ2NOgv4PO4=
github.com/ProtonMail/go-crypto v1.1.0-alpha.5.0.20240912135802-28c613e7c719/go.mod h1:W4TJbErLIwEbKZVEieO0c7/532wdT1TaNiMn2xS1CyM=
github.com/ProtonMail/gopenpgp/v3 v3.0.0-alpha.4-proton.0.20240912140112-6bc60995ec03 h1:aq9PQD4yNv+xOrS4iYeqMmFmioIqnOLLbfNPIpVtO7U=
github.com/ProtonMail/gopenpgp/v3 v3.0.0-alpha.4-proton.0.20240912140112-6bc60995ec03/go.mod h1:yFTa3b7TjQVQBxWczB4jBc1Z7KambJHUwfEmUKJ1bV8=
github.com/cpuguy83/go-md2man/v2 v2.0.0-20190314233015-f79a8a8ca69d/go.mod h1:maD7wRr/U5Z6m/iR4s+kqSMx2CaBsrgA7czyZG/E6dU=
github.com/cpuguy83/go-md2man/v2 v2.0.0 h1:EoUDS0afbrsXAZ9YQ9jdu/mZ2sXgT1/2yyNng4PGlyM=
github.com/cpuguy83/go-md2man/v2 v2.0.0/go.mod h1:maD7wRr/U5Z6m/iR4s+kqSMx2CaBsrgA7czyZG/E6dU=
github.com/davecgh/go-spew v1.1.1 h1:vj9j/u1bqnvCEfJOwUhtlOARqs3+rkHYY13jYWTU97c=
github.com/davecgh/go-spew v1.1.1/go.mod h1:J7Y8YcW2NihsgmVo/mv3lAwl/skON4iLHjSsI+c5H38=
github.com/lubux/circl v0.0.0-20240912122524-f16d68fe1630 h1:XWvuFImxUQ/UUTVC6Po3jtEM/c5V6Cc+8KmCe5DEfko=
github.com/lubux/circl v0.0.0-20240912122524-f16d68fe1630/go.mod h1:PDRU+oXvdD7KCtgKxW95M5Z8BpSCJXQORiZFnBQS5QU=
github.com/pkg/errors v0.9.1 h1:FEBLx1zS214owpjy7qsBeixbURkuhQAwrK5UwLGTwt4=
github.com/pkg/errors v0.9.1/go.mod h1:bwawxfHBFNV+L2hUp1rHADufV3IMtnDRdf1r5NINEl0=
github.com/pmezard/go-difflib v1.0.0 h1:4DBwDE0NGyQoBHbLQYPwSUPoCMWR5BEzIk/f1lZbAQM=
github.com/pmezard/go-difflib v1.0.0/go.mod h1:iKH77koFhYxTK1pcRnkKkqfTogsbg7gZNVY4sRDYZ/4=
github.com/russross/blackfriday/v2 v2.0.1 h1:lPqVAte+HuHNfhJ/0LC98ESWRz8afy9tM/0RK8m9o+Q=
github.com/russross/blackfriday/v2 v2.0.1/go.mod h1:+Rmxgy9KzJVeS9/2gXHxylqXiyQDYRxCVz55jmeOWTM=
github.com/shurcooL/sanitized_anchor_name v1.0.0 h1:PdmoCO6wvbs+7yrJyMORt4/BmY5IYyJwS/kOiWx8mHo=
github.com/shurcooL/sanitized_anchor_name v1.0.0/go.mod h1:1NzhyTcUVG4SuEtjjoZeVRXNmyL/1OwPU0+IJeTBvfc=
github.com/stretchr/testify v1.7.0 h1:nwc3DEeHmmLAfoZucVR881uASk0Mfjw8xYJ99tb5CcY=
github.com/stretchr/testify v1.7.0/go.mod h1:6Fq8oRcR53rry900zMqJjRRixrwX3KX962/h/Wwjteg=
github.com/urfave/cli/v2 v2.2.0 h1:JTTnM6wKzdA0Jqodd966MVj4vWbbquZykeX1sKbe2C4=
github.com/urfave/cli/v2 v2.2.0/go.mod h1:SE9GqnLQmjVa0iPEY0f1w3ygNIYcIJ0OKPMoW2caLfQ=
golang.org/x/crypto v0.25.0 h1:ypSNr+bnYL2YhwoMt2zPxHFmbAN1KZs/njMG3hxUp30=
golang.org/x/crypto v0.25.0/go.mod h1:T+wALwcMOSE0kXgUAnPAHqTLW+XHgcELELW8VaDgm/M=
golang.org/x/sys v0.22.0 h1:RI27ohtqKCnwULzJLqkv897zojh5/DwS/ENaMzUOaWI=
golang.org/x/sys v0.22.0/go.mod h1:/VUhepiaJMQUp4+oa/7Zr1D23ma6VTLIYjOOTFZPUcA=
gopkg.in/check.v1 v0.0.0-20161208181325-20d25e280405/go.mod h1:Co6ibVJAznAaIkqp8huTwlJQCZ016jof/cbN4VW5Yz0=
gopkg.in/yaml.v2 v2.2.2/go.mod h1:hI93XBmqTisBFMUTm0b8Fm+jr3Dg1NNxqwp+5A1VGuI=
gopkg.in/yaml.v3 v3.0.0-20200313102051-9f266ea9e77c h1:dUUwHk2QECo/6vqA44rthZ8ie2QXMNeKRTHCNY2nXvo=
gopkg.in/yaml.v3 v3.0.0-20200313102051-9f266ea9e77c/go.mod h1:K4uyk7z7BCEPqu6E+C64Yfv1cQ7kz7rIZviUmN+EgEM=
